
Microsoft Visual Studio Solution File, Format Version 12.00
# Visual Studio Version 17
VisualStudioVersion = 17.0.31903.59
MinimumVisualStudioVersion = 10.0.40219.1
Project("{FAE04EC0-301F-11D3-BF4B-00C04F79EFBC}") = "Estoque.Dominio", "backend\Estoque.Dominio\Estoque.Dominio.csproj", "{AFD0C25B-3768-4E3C-B80A-93968EE6D504}"
EndProject
Project("{FAE04EC0-301F-11D3-BF4B-00C04F79EFBC}") = "Estoque.Repositorio", "backend\Estoque.Repositorio\Estoque.Repositorio.csproj", "{50C0B9CF-ABFF-480E-B351-C19E7C6F1477}"
EndProject
Project("{FAE04EC0-301F-11D3-BF4B-00C04F79EFBC}") = "Estoque.Servicos", "backend\Estoque.Servicos\Estoque.Servicos.csproj", "{17169699-B7BB-458F-8CE1-87186631CCBE}"
EndProject
Project("{2150E333-8FDC-42A3-9474-1A3956D46DE8}") = "apiEstoque", "backend\api", "{D9EC9429-0E4E-13E0-5D39-C4844993DE97}"
EndProject
Project("{FAE04EC0-301F-11D3-BF4B-00C04F79EFBC}") = "Estoque.Api", "backend\Estoque.Api\Estoque.Api.csproj", "{E235520C-D891-4AAA-8DBA-18D61B04A25A}"
EndProject
Global
	GlobalSection(SolutionConfigurationPlatforms) = preSolution
		Debug|Any CPU = Debug|Any CPU
		Debug|x64 = Debug|x64
		Debug|x86 = Debug|x86
		Release|Any CPU = Release|Any CPU
		Release|x64 = Release|x64
		Release|x86 = Release|x86
	EndGlobalSection
	GlobalSection(ProjectConfigurationPlatforms) = postSolution
		{AFD0C25B-3768-4E3C-B80A-93968EE6D504}.Debug|Any CPU.ActiveCfg = Debug|Any CPU
		{AFD0C25B-3768-4E3C-B80A-93968EE6D504}.Debug|Any CPU.Build.0 = Debug|Any CPU
		{AFD0C25B-3768-4E3C-B80A-93968EE6D504}.Debug|x64.ActiveCfg = Debug|Any CPU
		{AFD0C25B-3768-4E3C-B80A-93968EE6D504}.Debug|x64.Build.0 = Debug|Any CPU
		{AFD0C25B-3768-4E3C-B80A-93968EE6D504}.Debug|x86.ActiveCfg = Debug|Any CPU
		{AFD0C25B-3768-4E3C-B80A-93968EE6D504}.Debug|x86.Build.0 = Debug|Any CPU
		{AFD0C25B-3768-4E3C-B80A-93968EE6D504}.Release|Any CPU.ActiveCfg = Release|Any CPU
		{AFD0C25B-3768-4E3C-B80A-93968EE6D504}.Release|Any CPU.Build.0 = Release|Any CPU
		{AFD0C25B-3768-4E3C-B80A-93968EE6D504}.Release|x64.ActiveCfg = Release|Any CPU
		{AFD0C25B-3768-4E3C-B80A-93968EE6D504}.Release|x64.Build.0 = Release|Any CPU
		{AFD0C25B-3768-4E3C-B80A-93968EE6D504}.Release|x86.ActiveCfg = Release|Any CPU
		{AFD0C25B-3768-4E3C-B80A-93968EE6D504}.Release|x86.Build.0 = Release|Any CPU
		{50C0B9CF-ABFF-480E-B351-C19E7C6F1477}.Debug|Any CPU.ActiveCfg = Debug|Any CPU
		{50C0B9CF-ABFF-480E-B351-C19E7C6F1477}.Debug|Any CPU.Build.0 = Debug|Any CPU
		{50C0B9CF-ABFF-480E-B351-C19E7C6F1477}.Debug|x64.ActiveCfg = Debug|Any CPU
		{50C0B9CF-ABFF-480E-B351-C19E7C6F1477}.Debug|x64.Build.0 = Debug|Any CPU
		{50C0B9CF-ABFF-480E-B351-C19E7C6F1477}.Debug|x86.ActiveCfg = Debug|Any CPU
		{50C0B9CF-ABFF-480E-B351-C19E7C6F1477}.Debug|x86.Build.0 = Debug|Any CPU
		{50C0B9CF-ABFF-480E-B351-C19E7C6F1477}.Release|Any CPU.ActiveCfg = Release|Any CPU
		{50C0B9CF-ABFF-480E-B351-C19E7C6F1477}.Release|Any CPU.Build.0 = Release|Any CPU
		{50C0B9CF-ABFF-480E-B351-C19E7C6F1477}.Release|x64.ActiveCfg = Release|Any CPU
		{50C0B9CF-ABFF-480E-B351-C19E7C6F1477}.Release|x64.Build.0 = Release|Any CPU
		{50C0B9CF-ABFF-480E-B351-C19E7C6F1477}.Release|x86.ActiveCfg = Release|Any CPU
		{50C0B9CF-ABFF-480E-B351-C19E7C6F1477}.Release|x86.Build.0 = Release|Any CPU
		{17169699-B7BB-458F-8CE1-87186631CCBE}.Debug|Any CPU.ActiveCfg = Debug|Any CPU
		{17169699-B7BB-458F-8CE1-87186631CCBE}.Debug|Any CPU.Build.0 = Debug|Any CPU
		{17169699-B7BB-458F-8CE1-87186631CCBE}.Debug|x64.ActiveCfg = Debug|Any CPU
		{17169699-B7BB-458F-8CE1-87186631CCBE}.Debug|x64.Build.0 = Debug|Any CPU
		{17169699-B7BB-458F-8CE1-87186631CCBE}.Debug|x86.ActiveCfg = Debug|Any CPU
		{17169699-B7BB-458F-8CE1-87186631CCBE}.Debug|x86.Build.0 = Debug|Any CPU
		{17169699-B7BB-458F-8CE1-87186631CCBE}.Release|Any CPU.ActiveCfg = Release|Any CPU
		{17169699-B7BB-458F-8CE1-87186631CCBE}.Release|Any CPU.Build.0 = Release|Any CPU
		{17169699-B7BB-458F-8CE1-87186631CCBE}.Release|x64.ActiveCfg = Release|Any CPU
		{17169699-B7BB-458F-8CE1-87186631CCBE}.Release|x64.Build.0 = Release|Any CPU
		{17169699-B7BB-458F-8CE1-87186631CCBE}.Release|x86.ActiveCfg = Release|Any CPU
		{17169699-B7BB-458F-8CE1-87186631CCBE}.Release|x86.Build.0 = Release|Any CPU
		{E235520C-D891-4AAA-8DBA-18D61B04A25A}.Debug|Any CPU.ActiveCfg = Debug|Any CPU
		{E235520C-D891-4AAA-8DBA-18D61B04A25A}.Debug|Any CPU.Build.0 = Debug|Any CPU
		{E235520C-D891-4AAA-8DBA-18D61B04A25A}.Debug|x64.ActiveCfg = Debug|Any CPU
		{E235520C-D891-4AAA-8DBA-18D61B04A25A}.Debug|x64.Build.0 = Debug|Any CPU
		{E235520C-D891-4AAA-8DBA-18D61B04A25A}.Debug|x86.ActiveCfg = Debug|Any CPU
		{E235520C-D891-4AAA-8DBA-18D61B04A25A}.Debug|x86.Build.0 = Debug|Any CPU
		{E235520C-D891-4AAA-8DBA-18D61B04A25A}.Release|Any CPU.ActiveCfg = Release|Any CPU
		{E235520C-D891-4AAA-8DBA-18D61B04A25A}.Release|Any CPU.Build.0 = Release|Any CPU
		{E235520C-D891-4AAA-8DBA-18D61B04A25A}.Release|x64.ActiveCfg = Release|Any CPU
		{E235520C-D891-4AAA-8DBA-18D61B04A25A}.Release|x64.Build.0 = Release|Any CPU
		{E235520C-D891-4AAA-8DBA-18D61B04A25A}.Release|x86.ActiveCfg = Release|Any CPU
		{E235520C-D891-4AAA-8DBA-18D61B04A25A}.Release|x86.Build.0 = Release|Any CPU
	EndGlobalSection
	GlobalSection(SolutionProperties) = preSolution
		HideSolutionNode = FALSE
	EndGlobalSection
	GlobalSection(NestedProjects) = preSolution
		{E235520C-D891-4AAA-8DBA-18D61B04A25A} = {D9EC9429-0E4E-13E0-5D39-C4844993DE97}
	EndGlobalSection
EndGlobal
